
Microsoft Visual Studio Solution File, Format Version 12.00
# Visual Studio Version 17
VisualStudioVersion = 17.8.34309.116
MinimumVisualStudioVersion = 10.0.40219.1
Project("{FAE04EC0-301F-11D3-BF4B-00C04F79EFBC}") = "Calculator", "Calculator\Calculator.csproj", "{DD0B20F1-B559-4AB9-BB11-38350FF31AC6}"
EndProject
Global
	GlobalSection(SolutionConfigurationPlatforms) = preSolution
		Debug|Any CPU = Debug|Any CPU
		Release|Any CPU = Release|Any CPU
	EndGlobalSection
	GlobalSection(ProjectConfigurationPlatforms) = postSolution
		{DD0B20F1-B559-4AB9-BB11-38350FF31AC6}.Debug|Any CPU.ActiveCfg = Debug|Any CPU
		{DD0B20F1-B559-4AB9-BB11-38350FF31AC6}.Debug|Any CPU.Build.0 = Debug|Any CPU
		{DD0B20F1-B559-4AB9-BB11-38350FF31AC6}.Release|Any CPU.ActiveCfg = Release|Any CPU
		{DD0B20F1-B559-4AB9-BB11-38350FF31AC6}.Release|Any CPU.Build.0 = Release|Any CPU
	EndGlobalSection
	GlobalSection(SolutionProperties) = preSolution
		HideSolutionNode = FALSE
	EndGlobalSection
	GlobalSection(ExtensibilityGlobals) = postSolution
		SolutionGuid = {071F5B30-58F3-4B13-9649-4DF3C63E8D9E}
	EndGlobalSection
EndGlobal
